
Microsoft Visual Studio Solution File, Format Version 11.00
# Visual Studio 2010
Project("{FAE04EC0-301F-11D3-BF4B-00C04F79EFBC}") = "LabyrinthRefactored", "LabyrinthRefactored\LabyrinthRefactored.csproj", "{D182F42C-C77A-4AEC-80DC-92C5D13D82F6}"
EndProject
Project("{FAE04EC0-301F-11D3-BF4B-00C04F79EFBC}") = "LabyrinthRefactored-Tests", "LabyrinthRefactored-Tests\LabyrinthRefactored-Tests.csproj", "{E483D6F5-E14A-4008-8FFF-10E3751AD8BF}"
EndProject
Project("{2150E333-8FDC-42A3-9474-1A3956D46DE8}") = "Solution Items", "Solution Items", "{DDCA7DBF-78F6-4F43-80C2-46FF3AEBED24}"
	ProjectSection(SolutionItems) = preProject
		LabyrinthRefactored.vsmdi = LabyrinthRefactored.vsmdi
		Local.testsettings = Local.testsettings
		TraceAndTestImpact.testsettings = TraceAndTestImpact.testsettings
	EndProjectSection
EndProject
Global
	GlobalSection(TestCaseManagementSettings) = postSolution
		CategoryFile = LabyrinthRefactored.vsmdi
	EndGlobalSection
	GlobalSection(SolutionConfigurationPlatforms) = preSolution
		Debug|Any CPU = Debug|Any CPU
		Debug|Mixed Platforms = Debug|Mixed Platforms
		Debug|x86 = Debug|x86
		Release|Any CPU = Release|Any CPU
		Release|Mixed Platforms = Release|Mixed Platforms
		Release|x86 = Release|x86
	EndGlobalSection
	GlobalSection(ProjectConfigurationPlatforms) = postSolution
		{D182F42C-C77A-4AEC-80DC-92C5D13D82F6}.Debug|Any CPU.ActiveCfg = Debug|x86
		{D182F42C-C77A-4AEC-80DC-92C5D13D82F6}.Debug|Mixed Platforms.ActiveCfg = Debug|x86
		{D182F42C-C77A-4AEC-80DC-92C5D13D82F6}.Debug|Mixed Platforms.Build.0 = Debug|x86
		{D182F42C-C77A-4AEC-80DC-92C5D13D82F6}.Debug|x86.ActiveCfg = Debug|x86
		{D182F42C-C77A-4AEC-80DC-92C5D13D82F6}.Debug|x86.Build.0 = Debug|x86
		{D182F42C-C77A-4AEC-80DC-92C5D13D82F6}.Release|Any CPU.ActiveCfg = Release|x86
		{D182F42C-C77A-4AEC-80DC-92C5D13D82F6}.Release|Mixed Platforms.ActiveCfg = Release|x86
		{D182F42C-C77A-4AEC-80DC-92C5D13D82F6}.Release|Mixed Platforms.Build.0 = Release|x86
		{D182F42C-C77A-4AEC-80DC-92C5D13D82F6}.Release|x86.ActiveCfg = Release|x86
		{D182F42C-C77A-4AEC-80DC-92C5D13D82F6}.Release|x86.Build.0 = Release|x86
		{E483D6F5-E14A-4008-8FFF-10E3751AD8BF}.Debug|Any CPU.ActiveCfg = Debug|Any CPU
		{E483D6F5-E14A-4008-8FFF-10E3751AD8BF}.Debug|Any CPU.Build.0 = Debug|Any CPU
		{E483D6F5-E14A-4008-8FFF-10E3751AD8BF}.Debug|Mixed Platforms.ActiveCfg = Debug|Any CPU
		{E483D6F5-E14A-4008-8FFF-10E3751AD8BF}.Debug|Mixed Platforms.Build.0 = Debug|Any CPU
		{E483D6F5-E14A-4008-8FFF-10E3751AD8BF}.Debug|x86.ActiveCfg = Debug|Any CPU
		{E483D6F5-E14A-4008-8FFF-10E3751AD8BF}.Release|Any CPU.ActiveCfg = Release|Any CPU
		{E483D6F5-E14A-4008-8FFF-10E3751AD8BF}.Release|Any CPU.Build.0 = Release|Any CPU
		{E483D6F5-E14A-4008-8FFF-10E3751AD8BF}.Release|Mixed Platforms.ActiveCfg = Release|Any CPU
		{E483D6F5-E14A-4008-8FFF-10E3751AD8BF}.Release|Mixed Platforms.Build.0 = Release|Any CPU
		{E483D6F5-E14A-4008-8FFF-10E3751AD8BF}.Release|x86.ActiveCfg = Release|Any CPU
	EndGlobalSection
	GlobalSection(SolutionProperties) = preSolution
		HideSolutionNode = FALSE
	EndGlobalSection
EndGlobal
